<?xml version="1.0" encoding="utf-8"?>
<Project ToolsVersion="4.0" xmlns="http://schemas.microsoft.com/developer/msbuild/2003">
  <ItemGroup>
    <Filter Include="Исходные файлы">
      <UniqueIdentifier>{4FC737F1-C7A5-4376-A066-2A32D752A2FF}</UniqueIdentifier>
      <Extensions>cpp;c;cc;cxx;c++;cppm;ixx;def;odl;idl;hpj;bat;asm;asmx</Extensions>
    </Filter>
    <Filter Include="Файлы заголовков">
      <UniqueIdentifier>{93995380-89BD-4b04-88EB-625FBE52EBFB}</UniqueIdentifier>
      <Extensions>h;hh;hpp;hxx;h++;hm;inl;inc;ipp;xsd</Extensions>
    </Filter>
    <Filter Include="Файлы ресурсов">
      <UniqueIdentifier>{67DA6AB6-F800-4c08-8B7A-83BB121AAD01}</UniqueIdentifier>
      <Extensions>rc;ico;cur;bmp;dlg;rc2;rct;bin;rgs;gif;jpg;jpeg;jpe;resx;tiff;tif;png;wav;mfcribbon-ms</Extensions>
    </Filter>
    <Filter Include="Исходные файлы\Lab10_9">
      <UniqueIdentifier>{709795ff-635f-48e2-a843-cd13441e6023}</UniqueIdentifier>
    </Filter>
    <Filter Include="Исходные файлы\Lab10NM">
      <UniqueIdentifier>{12ef39b2-c685-447b-9eff-076fed4f8ab3}</UniqueIdentifier>
    </Filter>
    <Filter Include="Исходные файлы\Lab11">
      <UniqueIdentifier>{b65c05ea-b4be-4382-ae94-6537d1a594ab}</UniqueIdentifier>
    </Filter>
    <Filter Include="Исходные файлы\Lab10-NM">
      <UniqueIdentifier>{76d3f0ad-1af9-439f-b71e-1a928933fc64}</UniqueIdentifier>
    </Filter>
    <Filter Include="Исходные файлы\LabNM">
      <UniqueIdentifier>{1618f9a0-87b2-4ac0-b6f6-23e1b3f3d828}</UniqueIdentifier>
    </Filter>
  </ItemGroup>
  <ItemGroup>
    <ClCompile Include="LAB10_9.c">
      <Filter>Исходные файлы\Lab10_9</Filter>
    </ClCompile>
    <ClCompile Include="Source.c">
      <Filter>Исходные файлы\Lab10NM</Filter>
    </ClCompile>
    <ClCompile Include="Lab11_9.cpp">
      <Filter>Исходные файлы\Lab11</Filter>
    </ClCompile>
    <ClCompile Include="Code.c">
      <Filter>Исходные файлы\Lab10-NM</Filter>
    </ClCompile>
    <ClCompile Include="LabNM.cpp">
      <Filter>Исходные файлы\LabNM</Filter>
    </ClCompile>
  </ItemGroup>
  <ItemGroup>
    <Text Include="help.txt">
      <Filter>Исходные файлы\Lab10_9</Filter>
    </Text>
    <Text Include="test.txt">
      <Filter>Исходные файлы\Lab10NM</Filter>
    </Text>
    <Text Include="result.txt">
      <Filter>Исходные файлы\Lab10NM</Filter>
    </Text>
    <Text Include="Code.txt">
      <Filter>Исходные файлы\Lab11</Filter>
    </Text>
    <Text Include="file1.txt">
      <Filter>Исходные файлы\Lab10-NM</Filter>
    </Text>
    <Text Include="file2.txt">
      <Filter>Исходные файлы\Lab10-NM</Filter>
    </Text>
    <Text Include="End.txt">
      <Filter>Исходные файлы\LabNM</Filter>
    </Text>
    <Text Include="start.txt">
      <Filter>Исходные файлы\LabNM</Filter>
    </Text>
  </ItemGroup>
</Project>